// !$*UTF8*$!
{
	archiveVersion = 1;
	classes = {
	};
	objectVersion = 46;
	objects = {

/* Begin PBXBuildFile section */
		B902D4521A2545FD0034717B /* AppDelegate.swift in Sources */ = {isa = PBXBuildFile; fileRef = B902D4511A2545FD0034717B /* AppDelegate.swift */; };
		B902D4541A2545FD0034717B /* ViewController.swift in Sources */ = {isa = PBXBuildFile; fileRef = B902D4531A2545FD0034717B /* ViewController.swift */; };
		B902D4571A2545FD0034717B /* Main.storyboard in Resources */ = {isa = PBXBuildFile; fileRef = B902D4551A2545FD0034717B /* Main.storyboard */; };
		B902D4591A2545FD0034717B /* Images.xcassets in Resources */ = {isa = PBXBuildFile; fileRef = B902D4581A2545FD0034717B /* Images.xcassets */; };
		B902D45C1A2545FD0034717B /* LaunchScreen.xib in Resources */ = {isa = PBXBuildFile; fileRef = B902D45A1A2545FD0034717B /* LaunchScreen.xib */; };
		B902D4681A2545FE0034717B /* mmytoastyTests.swift in Sources */ = {isa = PBXBuildFile; fileRef = B902D4671A2545FE0034717B /* mmytoastyTests.swift */; };
		B902D4721A25481E0034717B /* SplashView.swift in Sources */ = {isa = PBXBuildFile; fileRef = B902D4711A25481E0034717B /* SplashView.swift */; };
/* End PBXBuildFile section */

/* Begin PBXContainerItemProxy section */
		B902D4621A2545FD0034717B /* PBXContainerItemProxy */ = {
			isa = PBXContainerItemProxy;
			containerPortal = B902D4441A2545FD0034717B /* Project object */;
			proxyType = 1;
			remoteGlobalIDString = B902D44B1A2545FD0034717B;
			remoteInfo = mmytoasty;
		};
/* End PBXContainerItemProxy section */

/* Begin PBXFileReference section */
		B902D44C1A2545FD0034717B /* mmytoasty.app */ = {isa = PBXFileReference; explicitFileType = wrapper.application; includeInIndex = 0; path = mmytoasty.app; sourceTree = BUILT_PRODUCTS_DIR; };
		B902D4501A2545FD0034717B /* Info.plist */ = {isa = PBXFileReference; lastKnownFileType = text.plist.xml; path = Info.plist; sourceTree = "<group>"; };
		B902D4511A2545FD0034717B /* AppDelegate.swift */ = {isa = PBXFileReference; lastKnownFileType = sourcecode.swift; path = AppDelegate.swift; sourceTree = "<group>"; };
		B902D4531A2545FD0034717B /* ViewController.swift */ = {isa = PBXFileReference; lastKnownFileType = sourcecode.swift; path = ViewController.swift; sourceTree = "<group>"; };
		B902D4561A2545FD0034717B /* Base */ = {isa = PBXFileReference; lastKnownFileType = file.storyboard; name = Base; path = Base.lproj/Main.storyboard; sourceTree = "<group>"; };
		B902D4581A2545FD0034717B /* Images.xcassets */ = {isa = PBXFileReference; lastKnownFileType = folder.assetcatalog; path = Images.xcassets; sourceTree = "<group>"; };
		B902D45B1A2545FD0034717B /* Base */ = {isa = PBXFileReference; lastKnownFileType = file.xib; name = Base; path = Base.lproj/LaunchScreen.xib; sourceTree = "<group>"; };
		B902D4611A2545FD0034717B /* mmytoastyTests.xctest */ = {isa = PBXFileReference; explicitFileType = wrapper.cfbundle; includeInIndex = 0; path = mmytoastyTests.xctest; sourceTree = BUILT_PRODUCTS_DIR; };
		B902D4661A2545FE0034717B /* Info.plist */ = {isa = PBXFileReference; lastKnownFileType = text.plist.xml; path = Info.plist; sourceTree = "<group>"; };
		B902D4671A2545FE0034717B /* mmytoastyTests.swift */ = {isa = PBXFileReference; lastKnownFileType = sourcecode.swift; path = mmytoastyTests.swift; sourceTree = "<group>"; };
		B902D4711A25481E0034717B /* SplashView.swift */ = {isa = PBXFileReference; fileEncoding = 4; lastKnownFileType = sourcecode.swift; path = SplashView.swift; sourceTree = "<group>"; };
/* End PBXFileReference section */

/* Begin PBXFrameworksBuildPhase section */
		B902D4491A2545FD0034717B /* Frameworks */ = {
			isa = PBXFrameworksBuildPhase;
			buildActionMask = 2147483647;
			files = (
			);
			runOnlyForDeploymentPostprocessing = 0;
		};
		B902D45E1A2545FD0034717B /* Frameworks */ = {
			isa = PBXFrameworksBuildPhase;
			buildActionMask = 2147483647;
			files = (
			);
			runOnlyForDeploymentPostprocessing = 0;
		};
/* End PBXFrameworksBuildPhase section */

/* Begin PBXGroup section */
		B902D4431A2545FD0034717B = {
			isa = PBXGroup;
			children = (
				B902D44E1A2545FD0034717B /* mmytoasty */,
				B902D4641A2545FE0034717B /* mmytoastyTests */,
				B902D44D1A2545FD0034717B /* Products */,
			);
			sourceTree = "<group>";
		};
		B902D44D1A2545FD0034717B /* Products */ = {
			isa = PBXGroup;
			children = (
				B902D44C1A2545FD0034717B /* mmytoasty.app */,
				B902D4611A2545FD0034717B /* mmytoastyTests.xctest */,
			);
			name = Products;
			sourceTree = "<group>";
		};
		B902D44E1A2545FD0034717B /* mmytoasty */ = {
			isa = PBXGroup;
			children = (
				B902D4511A2545FD0034717B /* AppDelegate.swift */,
				B902D4531A2545FD0034717B /* ViewController.swift */,
				B902D4551A2545FD0034717B /* Main.storyboard */,
				B902D4581A2545FD0034717B /* Images.xcassets */,
				B902D45A1A2545FD0034717B /* LaunchScreen.xib */,
				B902D44F1A2545FD0034717B /* Supporting Files */,
				B902D4711A25481E0034717B /* SplashView.swift */,
			);
			path = mmytoasty;
			sourceTree = "<group>";
		};
		B902D44F1A2545FD0034717B /* Supporting Files */ = {
			isa = PBXGroup;
			children = (
				B902D4501A2545FD0034717B /* Info.plist */,
			);
			name = "Supporting Files";
			sourceTree = "<group>";
		};
		B902D4641A2545FE0034717B /* mmytoastyTests */ = {
			isa = PBXGroup;
			children = (
				B902D4671A2545FE0034717B /* mmytoastyTests.swift */,
				B902D4651A2545FE0034717B /* Supporting Files */,
			);
			path = mmytoastyTests;
			sourceTree = "<group>";
		};
		B902D4651A2545FE0034717B /* Supporting Files */ = {
			isa = PBXGroup;
			children = (
				B902D4661A2545FE0034717B /* Info.plist */,
			);
			name = "Supporting Files";
			sourceTree = "<group>";
		};
/* End PBXGroup section */

/* Begin PBXNativeTarget section */
		B902D44B1A2545FD0034717B /* mmytoasty */ = {
			isa = PBXNativeTarget;
			buildConfigurationList = B902D46B1A2545FE0034717B /* Build configuration list for PBXNativeTarget "mmytoasty" */;
			buildPhases = (
				B902D4481A2545FD0034717B /* Sources */,
				B902D4491A2545FD0034717B /* Frameworks */,
				B902D44A1A2545FD0034717B /* Resources */,
			);
			buildRules = (
			);
			dependencies = (
			);
			name = mmytoasty;
			productName = mmytoasty;
			productReference = B902D44C1A2545FD0034717B /* mmytoasty.app */;
			productType = "com.apple.product-type.application";
		};
		B902D4601A2545FD0034717B /* mmytoastyTests */ = {
			isa = PBXNativeTarget;
			buildConfigurationList = B902D46E1A2545FE0034717B /* Build configuration list for PBXNativeTarget "mmytoastyTests" */;
			buildPhases = (
				B902D45D1A2545FD0034717B /* Sources */,
				B902D45E1A2545FD0034717B /* Frameworks */,
				B902D45F1A2545FD0034717B /* Resources */,
			);
			buildRules = (
			);
			dependencies = (
				B902D4631A2545FD0034717B /* PBXTargetDependency */,
			);
			name = mmytoastyTests;
			productName = mmytoastyTests;
			productReference = B902D4611A2545FD0034717B /* mmytoastyTests.xctest */;
			productType = "com.apple.product-type.bundle.unit-test";
		};
/* End PBXNativeTarget section */

/* Begin PBXProject section */
		B902D4441A2545FD0034717B /* Project object */ = {
			isa = PBXProject;
			attributes = {
				LastUpgradeCheck = 0610;
				ORGANIZATIONNAME = asdf;
				TargetAttributes = {
					B902D44B1A2545FD0034717B = {
						CreatedOnToolsVersion = 6.1;
					};
					B902D4601A2545FD0034717B = {
						CreatedOnToolsVersion = 6.1;
						TestTargetID = B902D44B1A2545FD0034717B;
					};
				};
			};
			buildConfigurationList = B902D4471A2545FD0034717B /* Build configuration list for PBXProject "mmytoasty" */;
			compatibilityVersion = "Xcode 3.2";
			developmentRegion = English;
			hasScannedForEncodings = 0;
			knownRegions = (
				en,
				Base,
			);
			mainGroup = B902D4431A2545FD0034717B;
			productRefGroup = B902D44D1A2545FD0034717B /* Products */;
			projectDirPath = "";
			projectRoot = "";
			targets = (
				B902D44B1A2545FD0034717B /* mmytoasty */,
				B902D4601A2545FD0034717B /* mmytoastyTests */,
			);
		};
/* End PBXProject section */

/* Begin PBXResourcesBuildPhase section */
		B902D44A1A2545FD0034717B /* Resources */ = {
			isa = PBXResourcesBuildPhase;
			buildActionMask = 2147483647;
			files = (
				B902D4571A2545FD0034717B /* Main.storyboard in Resources */,
				B902D45C1A2545FD0034717B /* LaunchScreen.xib in Resources */,
				B902D4591A2545FD0034717B /* Images.xcassets in Resources */,
			);
			runOnlyForDeploymentPostprocessing = 0;
		};
		B902D45F1A2545FD0034717B /* Resources */ = {
			isa = PBXResourcesBuildPhase;
			buildActionMask = 2147483647;
			files = (
			);
			runOnlyForDeploymentPostprocessing = 0;
		};
/* End PBXResourcesBuildPhase section */

/* Begin PBXSourcesBuildPhase section */
		B902D4481A2545FD0034717B /* Sources */ = {
			isa = PBXSourcesBuildPhase;
			buildActionMask = 2147483647;
			files = (
				B902D4541A2545FD0034717B /* ViewController.swift in Sources */,
				B902D4521A2545FD0034717B /* AppDelegate.swift in Sources */,
				B902D4721A25481E0034717B /* SplashView.swift in Sources */,
			);
			runOnlyForDeploymentPostprocessing = 0;
		};
		B902D45D1A2545FD0034717B /* Sources */ = {
			isa = PBXSourcesBuildPhase;
			buildActionMask = 2147483647;
			files = (
				B902D4681A2545FE0034717B /* mmytoastyTests.swift in Sources */,
			);
			runOnlyForDeploymentPostprocessing = 0;
		};
/* End PBXSourcesBuildPhase section */

/* Begin PBXTargetDependency section */
		B902D4631A2545FD0034717B /* PBXTargetDependency */ = {
			isa = PBXTargetDependency;
			target = B902D44B1A2545FD0034717B /* mmytoasty */;
			targetProxy = B902D4621A2545FD0034717B /* PBXContainerItemProxy */;
		};
/* End PBXTargetDependency section */

/* Begin PBXVariantGroup section */
		B902D4551A2545FD0034717B /* Main.storyboard */ = {
			isa = PBXVariantGroup;
			children = (
				B902D4561A2545FD0034717B /* Base */,
			);
			name = Main.storyboard;
			sourceTree = "<group>";
		};
		B902D45A1A2545FD0034717B /* LaunchScreen.xib */ = {
			isa = PBXVariantGroup;
			children = (
				B902D45B1A2545FD0034717B /* Base */,
			);
			name = LaunchScreen.xib;
			sourceTree = "<group>";
		};
/* End PBXVariantGroup section */

/* Begin XCBuildConfiguration section */
		B902D4691A2545FE0034717B /* Debug */ = {
			isa = XCBuildConfiguration;
			buildSettings = {
				ALWAYS_SEARCH_USER_PATHS = NO;
				CLANG_CXX_LANGUAGE_STANDARD = "gnu++0x";
				CLANG_CXX_LIBRARY = "libc++";
				CLANG_ENABLE_MODULES = YES;
				CLANG_ENABLE_OBJC_ARC = YES;
				CLANG_WARN_BOOL_CONVERSION = YES;
				CLANG_WARN_CONSTANT_CONVERSION = YES;
				CLANG_WARN_DIRECT_OBJC_ISA_USAGE = YES_ERROR;
				CLANG_WARN_EMPTY_BODY = YES;
				CLANG_WARN_ENUM_CONVERSION = YES;
				CLANG_WARN_INT_CONVERSION = YES;
				CLANG_WARN_OBJC_ROOT_CLASS = YES_ERROR;
				CLANG_WARN_UNREACHABLE_CODE = YES;
				CLANG_WARN__DUPLICATE_METHOD_MATCH = YES;
				"CODE_SIGN_IDENTITY[sdk=iphoneos*]" = "iPhone Developer";
				COPY_PHASE_STRIP = NO;
				ENABLE_STRICT_OBJC_MSGSEND = YES;
				GCC_C_LANGUAGE_STANDARD = gnu99;
				GCC_DYNAMIC_NO_PIC = NO;
				GCC_OPTIMIZATION_LEVEL = 0;
				GCC_PREPROCESSOR_DEFINITIONS = (
					"DEBUG=1",
					"$(inherited)",
				);
				GCC_SYMBOLS_PRIVATE_EXTERN = NO;
				GCC_WARN_64_TO_32_BIT_CONVERSION = YES;
				GCC_WARN_ABOUT_RETURN_TYPE = YES_ERROR;
				GCC_WARN_UNDECLARED_SELECTOR = YES;
				GCC_WARN_UNINITIALIZED_AUTOS = YES_AGGRESSIVE;
				GCC_WARN_UNUSED_FUNCTION = YES;
				GCC_WARN_UNUSED_VARIABLE = YES;
				IPHONEOS_DEPLOYMENT_TARGET = 8.1;
				MTL_ENABLE_DEBUG_INFO = YES;
				ONLY_ACTIVE_ARCH = YES;
				SDKROOT = iphoneos;
				SWIFT_OPTIMIZATION_LEVEL = "-Onone";
				TARGETED_DEVICE_FAMILY = "1,2";
			};
			name = Debug;
		};
		B902D46A1A2545FE0034717B /* Release */ = {
			isa = XCBuildConfiguration;
			buildSettings = {
				ALWAYS_SEARCH_USER_PATHS = NO;
				CLANG_CXX_LANGUAGE_STANDARD = "gnu++0x";
				CLANG_CXX_LIBRARY = "libc++";
				CLANG_ENABLE_MODULES = YES;
				CLANG_ENABLE_OBJC_ARC = YES;
				CLANG_WARN_BOOL_CONVERSION = YES;
				CLANG_WARN_CONSTANT_CONVERSION = YES;
				CLANG_WARN_DIRECT_OBJC_ISA_USAGE = YES_ERROR;
				CLANG_WARN_EMPTY_BODY = YES;
				CLANG_WARN_ENUM_CONVERSION = YES;
				CLANG_WARN_INT_CONVERSION = YES;
				CLANG_WARN_OBJC_ROOT_CLASS = YES_ERROR;
				CLANG_WARN_UNREACHABLE_CODE = YES;
				CLANG_WARN__DUPLICATE_METHOD_MATCH = YES;
				"CODE_SIGN_IDENTITY[sdk=iphoneos*]" = "iPhone Developer";
				COPY_PHASE_STRIP = YES;
				ENABLE_NS_ASSERTIONS = NO;
				ENABLE_STRICT_OBJC_MSGSEND = YES;
				GCC_C_LANGUAGE_STANDARD = gnu99;
				GCC_WARN_64_TO_32_BIT_CONVERSION = YES;
				GCC_WARN_ABOUT_RETURN_TYPE = YES_ERROR;
				GCC_WARN_UNDECLARED_SELECTOR = YES;
				GCC_WARN_UNINITIALIZED_AUTOS = YES_AGGRESSIVE;
				GCC_WARN_UNUSED_FUNCTION = YES;
				GCC_WARN_UNUSED_VARIABLE = YES;
				IPHONEOS_DEPLOYMENT_TARGET = 8.1;
				MTL_ENABLE_DEBUG_INFO = NO;
				SDKROOT = iphoneos;
				TARGETED_DEVICE_FAMILY = "1,2";
				VALIDATE_PRODUCT = YES;
			};
			name = Release;
		};
		B902D46C1A2545FE0034717B /* Debug */ = {
			isa = XCBuildConfiguration;
			buildSettings = {
				ASSETCATALOG_COMPILER_APPICON_NAME = AppIcon;
				INFOPLIST_FILE = mmytoasty/Info.plist;
				LD_RUNPATH_SEARCH_PATHS = "$(inherited) @executable_path/Frameworks";
				PRODUCT_NAME = "$(TARGET_NAME)";
			};
			name = Debug;
		};
		B902D46D1A2545FE0034717B /* Release */ = {
			isa = XCBuildConfiguration;
			buildSettings = {
				ASSETCATALOG_COMPILER_APPICON_NAME = AppIcon;
				INFOPLIST_FILE = mmytoasty/Info.plist;
				LD_RUNPATH_SEARCH_PATHS = "$(inherited) @executable_path/Frameworks";
				PRODUCT_NAME = "$(TARGET_NAME)";
			};
			name = Release;
		};
		B902D46F1A2545FE0034717B /* Debug */ = {
			isa = XCBuildConfiguration;
			buildSettings = {
				BUNDLE_LOADER = "$(TEST_HOST)";
				FRAMEWORK_SEARCH_PATHS = (
					"$(SDKROOT)/Developer/Library/Frameworks",
					"$(inherited)",
				);
				GCC_PREPROCESSOR_DEFINITIONS = (
					"DEBUG=1",
					"$(inherited)",
				);
				INFOPLIST_FILE = mmytoastyTests/Info.plist;
				LD_RUNPATH_SEARCH_PATHS = "$(inherited) @executable_path/Frameworks @loader_path/Frameworks";
				PRODUCT_NAME = "$(TARGET_NAME)";
				TEST_HOST = "$(BUILT_PRODUCTS_DIR)/mmytoasty.app/mmytoasty";
			};
			name = Debug;
		};
		B902D4701A2545FE0034717B /* Release */ = {
			isa = XCBuildConfiguration;
			buildSettings = {
				BUNDLE_LOADER = "$(TEST_HOST)";
				FRAMEWORK_SEARCH_PATHS = (
					"$(SDKROOT)/Developer/Library/Frameworks",
					"$(inherited)",
				);
				INFOPLIST_FILE = mmytoastyTests/Info.plist;
				LD_RUNPATH_SEARCH_PATHS = "$(inherited) @executable_path/Frameworks @loader_path/Frameworks";
				PRODUCT_NAME = "$(TARGET_NAME)";
				TEST_HOST = "$(BUILT_PRODUCTS_DIR)/mmytoasty.app/mmytoasty";
			};
			name = Release;
		};
/* End XCBuildConfiguration section */

/* Begin XCConfigurationList section */
		B902D4471A2545FD0034717B /* Build configuration list for PBXProject "mmytoasty" */ = {
			isa = XCConfigurationList;
			buildConfigurations = (
				B902D4691A2545FE0034717B /* Debug */,
				B902D46A1A2545FE0034717B /* Release */,
			);
			defaultConfigurationIsVisible = 0;
			defaultConfigurationName = Release;
		};
		B902D46B1A2545FE0034717B /* Build configuration list for PBXNativeTarget "mmytoasty" */ = {
			isa = XCConfigurationList;
			buildConfigurations = (
				B902D46C1A2545FE0034717B /* Debug */,
				B902D46D1A2545FE0034717B /* Release */,
			);
			defaultConfigurationIsVisible = 0;
		};
		B902D46E1A2545FE0034717B /* Build configuration list for PBXNativeTarget "mmytoastyTests" */ = {
			isa = XCConfigurationList;
			buildConfigurations = (
				B902D46F1A2545FE0034717B /* Debug */,
				B902D4701A2545FE0034717B /* Release */,
			);
			defaultConfigurationIsVisible = 0;
		};
/* End XCConfigurationList section */
	};
	rootObject = B902D4441A2545FD0034717B /* Project object */;
}
